// !$*UTF8*$!
{
	archiveVersion = 1;
	classes = {
	};
	objectVersion = 77;
	objects = {

/* Begin PBXBuildFile section */
		78D41EC72D3A3BCE00D93B9F /* Apollo in Frameworks */ = {isa = PBXBuildFile; productRef = 78D41EC62D3A3BCE00D93B9F /* Apollo */; };
		78D41ECA2D3A3D3800D93B9F /* apollo-ios-cli in Resources */ = {isa = PBXBuildFile; fileRef = 78D41EC92D3A3D3800D93B9F /* apollo-ios-cli */; };
		78D41ECE2D3A3FD000D93B9F /* schema.graphqls in Resources */ = {isa = PBXBuildFile; fileRef = 78D41ECC2D3A3FD000D93B9F /* schema.graphqls */; };
		78D41EF32D3A430A00D93B9F /* Network.swift in Sources */ = {isa = PBXBuildFile; fileRef = 78D41EF22D3A430700D93B9F /* Network.swift */; };
		78D41EF92D3A453E00D93B9F /* apollo-codegen-config.json in Resources */ = {isa = PBXBuildFile; fileRef = 78D41EF82D3A453E00D93B9F /* apollo-codegen-config.json */; };
		78D41EFD2D3A463400D93B9F /* StationList.graphql in Resources */ = {isa = PBXBuildFile; fileRef = 78D41EFC2D3A462E00D93B9F /* StationList.graphql */; };
		78D41F002D3A467600D93B9F /* GraphQLAPI in Frameworks */ = {isa = PBXBuildFile; productRef = 78D41EFF2D3A467600D93B9F /* GraphQLAPI */; };
		78D41F042D3A484A00D93B9F /* AuthorizationKeys.swift in Sources */ = {isa = PBXBuildFile; fileRef = 78D41F032D3A484300D93B9F /* AuthorizationKeys.swift */; };
		78D41F062D3A493D00D93B9F /* AuthorizationInterceptor.swift in Sources */ = {isa = PBXBuildFile; fileRef = 78D41F052D3A493600D93B9F /* AuthorizationInterceptor.swift */; };
		78D41F082D3A4A7700D93B9F /* NetworkInterceptorProvider.swift in Sources */ = {isa = PBXBuildFile; fileRef = 78D41F072D3A4A7400D93B9F /* NetworkInterceptorProvider.swift */; };
/* End PBXBuildFile section */

/* Begin PBXContainerItemProxy section */
		78D41EA92D3A3A1100D93B9F /* PBXContainerItemProxy */ = {
			isa = PBXContainerItemProxy;
			containerPortal = 78D41E902D3A3A0F00D93B9F /* Project object */;
			proxyType = 1;
			remoteGlobalIDString = 78D41E972D3A3A0F00D93B9F;
			remoteInfo = GraphQLTut;
		};
		78D41EB32D3A3A1100D93B9F /* PBXContainerItemProxy */ = {
			isa = PBXContainerItemProxy;
			containerPortal = 78D41E902D3A3A0F00D93B9F /* Project object */;
			proxyType = 1;
			remoteGlobalIDString = 78D41E972D3A3A0F00D93B9F;
			remoteInfo = GraphQLTut;
		};
/* End PBXContainerItemProxy section */

/* Begin PBXFileReference section */
		78D41E982D3A3A0F00D93B9F /* GraphQLTut.app */ = {isa = PBXFileReference; explicitFileType = wrapper.application; includeInIndex = 0; path = GraphQLTut.app; sourceTree = BUILT_PRODUCTS_DIR; };
		78D41EA82D3A3A1100D93B9F /* GraphQLTutTests.xctest */ = {isa = PBXFileReference; explicitFileType = wrapper.cfbundle; includeInIndex = 0; path = GraphQLTutTests.xctest; sourceTree = BUILT_PRODUCTS_DIR; };
		78D41EB22D3A3A1100D93B9F /* GraphQLTutUITests.xctest */ = {isa = PBXFileReference; explicitFileType = wrapper.cfbundle; includeInIndex = 0; path = GraphQLTutUITests.xctest; sourceTree = BUILT_PRODUCTS_DIR; };
		78D41EC92D3A3D3800D93B9F /* apollo-ios-cli */ = {isa = PBXFileReference; lastKnownFileType = "compiled.mach-o.executable"; path = "apollo-ios-cli"; sourceTree = "<group>"; };
		78D41ECC2D3A3FD000D93B9F /* schema.graphqls */ = {isa = PBXFileReference; lastKnownFileType = text; path = schema.graphqls; sourceTree = "<group>"; };
		78D41EF22D3A430700D93B9F /* Network.swift */ = {isa = PBXFileReference; lastKnownFileType = sourcecode.swift; path = Network.swift; sourceTree = "<group>"; };
		78D41EF82D3A453E00D93B9F /* apollo-codegen-config.json */ = {isa = PBXFileReference; lastKnownFileType = text.json; path = "apollo-codegen-config.json"; sourceTree = "<group>"; };
		78D41EFC2D3A462E00D93B9F /* StationList.graphql */ = {isa = PBXFileReference; lastKnownFileType = text; path = StationList.graphql; sourceTree = "<group>"; };
		78D41F032D3A484300D93B9F /* AuthorizationKeys.swift */ = {isa = PBXFileReference; lastKnownFileType = sourcecode.swift; path = AuthorizationKeys.swift; sourceTree = "<group>"; };
		78D41F052D3A493600D93B9F /* AuthorizationInterceptor.swift */ = {isa = PBXFileReference; lastKnownFileType = sourcecode.swift; path = AuthorizationInterceptor.swift; sourceTree = "<group>"; };
		78D41F072D3A4A7400D93B9F /* NetworkInterceptorProvider.swift */ = {isa = PBXFileReference; lastKnownFileType = sourcecode.swift; path = NetworkInterceptorProvider.swift; sourceTree = "<group>"; };
/* End PBXFileReference section */

/* Begin PBXFileSystemSynchronizedRootGroup section */
		78D41E9A2D3A3A0F00D93B9F /* GraphQLTut */ = {
			isa = PBXFileSystemSynchronizedRootGroup;
			path = GraphQLTut;
			sourceTree = "<group>";
		};
		78D41EAB2D3A3A1100D93B9F /* GraphQLTutTests */ = {
			isa = PBXFileSystemSynchronizedRootGroup;
			path = GraphQLTutTests;
			sourceTree = "<group>";
		};
		78D41EB52D3A3A1100D93B9F /* GraphQLTutUITests */ = {
			isa = PBXFileSystemSynchronizedRootGroup;
			path = GraphQLTutUITests;
			sourceTree = "<group>";
		};
/* End PBXFileSystemSynchronizedRootGroup section */

/* Begin PBXFrameworksBuildPhase section */
		78D41E952D3A3A0F00D93B9F /* Frameworks */ = {
			isa = PBXFrameworksBuildPhase;
			buildActionMask = 2147483647;
			files = (
				78D41EC72D3A3BCE00D93B9F /* Apollo in Frameworks */,
				78D41F002D3A467600D93B9F /* GraphQLAPI in Frameworks */,
			);
			runOnlyForDeploymentPostprocessing = 0;
		};
		78D41EA52D3A3A1100D93B9F /* Frameworks */ = {
			isa = PBXFrameworksBuildPhase;
			buildActionMask = 2147483647;
			files = (
			);
			runOnlyForDeploymentPostprocessing = 0;
		};
		78D41EAF2D3A3A1100D93B9F /* Frameworks */ = {
			isa = PBXFrameworksBuildPhase;
			buildActionMask = 2147483647;
			files = (
			);
			runOnlyForDeploymentPostprocessing = 0;
		};
/* End PBXFrameworksBuildPhase section */

/* Begin PBXGroup section */
		78D41E8F2D3A3A0F00D93B9F = {
			isa = PBXGroup;
			children = (
				78D41EF82D3A453E00D93B9F /* apollo-codegen-config.json */,
				78D41ECD2D3A3FD000D93B9F /* graphql */,
				78D41EC92D3A3D3800D93B9F /* apollo-ios-cli */,
				78D41E9A2D3A3A0F00D93B9F /* GraphQLTut */,
				78D41EAB2D3A3A1100D93B9F /* GraphQLTutTests */,
				78D41EB52D3A3A1100D93B9F /* GraphQLTutUITests */,
				78D41E992D3A3A0F00D93B9F /* Products */,
			);
			sourceTree = "<group>";
		};
		78D41E992D3A3A0F00D93B9F /* Products */ = {
			isa = PBXGroup;
			children = (
				78D41E982D3A3A0F00D93B9F /* GraphQLTut.app */,
				78D41EA82D3A3A1100D93B9F /* GraphQLTutTests.xctest */,
				78D41EB22D3A3A1100D93B9F /* GraphQLTutUITests.xctest */,
			);
			name = Products;
			sourceTree = "<group>";
		};
		78D41ECD2D3A3FD000D93B9F /* graphql */ = {
			isa = PBXGroup;
			children = (
				78D41F032D3A484300D93B9F /* AuthorizationKeys.swift */,
				78D41F052D3A493600D93B9F /* AuthorizationInterceptor.swift */,
				78D41F072D3A4A7400D93B9F /* NetworkInterceptorProvider.swift */,
				78D41EFC2D3A462E00D93B9F /* StationList.graphql */,
				78D41EF22D3A430700D93B9F /* Network.swift */,
				78D41ECC2D3A3FD000D93B9F /* schema.graphqls */,
			);
			path = graphql;
			sourceTree = "<group>";
		};
/* End PBXGroup section */

/* Begin PBXNativeTarget section */
		78D41E972D3A3A0F00D93B9F /* GraphQLTut */ = {
			isa = PBXNativeTarget;
			buildConfigurationList = 78D41EBC2D3A3A1100D93B9F /* Build configuration list for PBXNativeTarget "GraphQLTut" */;
			buildPhases = (
				78D41E942D3A3A0F00D93B9F /* Sources */,
				78D41E952D3A3A0F00D93B9F /* Frameworks */,
				78D41E962D3A3A0F00D93B9F /* Resources */,
			);
			buildRules = (
			);
			dependencies = (
			);
			fileSystemSynchronizedGroups = (
				78D41E9A2D3A3A0F00D93B9F /* GraphQLTut */,
			);
			name = GraphQLTut;
			packageProductDependencies = (
				78D41EC62D3A3BCE00D93B9F /* Apollo */,
				78D41EFF2D3A467600D93B9F /* GraphQLAPI */,
			);
			productName = GraphQLTut;
			productReference = 78D41E982D3A3A0F00D93B9F /* GraphQLTut.app */;
			productType = "com.apple.product-type.application";
		};
		78D41EA72D3A3A1100D93B9F /* GraphQLTutTests */ = {
			isa = PBXNativeTarget;
			buildConfigurationList = 78D41EBF2D3A3A1100D93B9F /* Build configuration list for PBXNativeTarget "GraphQLTutTests" */;
			buildPhases = (
				78D41EA42D3A3A1100D93B9F /* Sources */,
				78D41EA52D3A3A1100D93B9F /* Frameworks */,
				78D41EA62D3A3A1100D93B9F /* Resources */,
			);
			buildRules = (
			);
			dependencies = (
				78D41EAA2D3A3A1100D93B9F /* PBXTargetDependency */,
			);
			fileSystemSynchronizedGroups = (
				78D41EAB2D3A3A1100D93B9F /* GraphQLTutTests */,
			);
			name = GraphQLTutTests;
			packageProductDependencies = (
			);
			productName = GraphQLTutTests;
			productReference = 78D41EA82D3A3A1100D93B9F /* GraphQLTutTests.xctest */;
			productType = "com.apple.product-type.bundle.unit-test";
		};
		78D41EB12D3A3A1100D93B9F /* GraphQLTutUITests */ = {
			isa = PBXNativeTarget;
			buildConfigurationList = 78D41EC22D3A3A1100D93B9F /* Build configuration list for PBXNativeTarget "GraphQLTutUITests" */;
			buildPhases = (
				78D41EAE2D3A3A1100D93B9F /* Sources */,
				78D41EAF2D3A3A1100D93B9F /* Frameworks */,
				78D41EB02D3A3A1100D93B9F /* Resources */,
			);
			buildRules = (
			);
			dependencies = (
				78D41EB42D3A3A1100D93B9F /* PBXTargetDependency */,
			);
			fileSystemSynchronizedGroups = (
				78D41EB52D3A3A1100D93B9F /* GraphQLTutUITests */,
			);
			name = GraphQLTutUITests;
			packageProductDependencies = (
			);
			productName = GraphQLTutUITests;
			productReference = 78D41EB22D3A3A1100D93B9F /* GraphQLTutUITests.xctest */;
			productType = "com.apple.product-type.bundle.ui-testing";
		};
/* End PBXNativeTarget section */

/* Begin PBXProject section */
		78D41E902D3A3A0F00D93B9F /* Project object */ = {
			isa = PBXProject;
			attributes = {
				BuildIndependentTargetsInParallel = 1;
				LastSwiftUpdateCheck = 1620;
				LastUpgradeCheck = 1620;
				TargetAttributes = {
					78D41E972D3A3A0F00D93B9F = {
						CreatedOnToolsVersion = 16.2;
					};
					78D41EA72D3A3A1100D93B9F = {
						CreatedOnToolsVersion = 16.2;
						TestTargetID = 78D41E972D3A3A0F00D93B9F;
					};
					78D41EB12D3A3A1100D93B9F = {
						CreatedOnToolsVersion = 16.2;
						TestTargetID = 78D41E972D3A3A0F00D93B9F;
					};
				};
			};
			buildConfigurationList = 78D41E932D3A3A0F00D93B9F /* Build configuration list for PBXProject "GraphQLTut" */;
			developmentRegion = en;
			hasScannedForEncodings = 0;
			knownRegions = (
				en,
				Base,
			);
			mainGroup = 78D41E8F2D3A3A0F00D93B9F;
			minimizedProjectReferenceProxies = 1;
			packageReferences = (
				78D41EC52D3A3BCE00D93B9F /* XCRemoteSwiftPackageReference "apollo-ios" */,
				78D41EFE2D3A467600D93B9F /* XCLocalSwiftPackageReference "GraphQLAPI" */,
			);
			preferredProjectObjectVersion = 77;
			productRefGroup = 78D41E992D3A3A0F00D93B9F /* Products */;
			projectDirPath = "";
			projectRoot = "";
			targets = (
				78D41E972D3A3A0F00D93B9F /* GraphQLTut */,
				78D41EA72D3A3A1100D93B9F /* GraphQLTutTests */,
				78D41EB12D3A3A1100D93B9F /* GraphQLTutUITests */,
			);
		};
/* End PBXProject section */

/* Begin PBXResourcesBuildPhase section */
		78D41E962D3A3A0F00D93B9F /* Resources */ = {
			isa = PBXResourcesBuildPhase;
			buildActionMask = 2147483647;
			files = (
				78D41EF92D3A453E00D93B9F /* apollo-codegen-config.json in Resources */,
				78D41EFD2D3A463400D93B9F /* StationList.graphql in Resources */,
				78D41ECE2D3A3FD000D93B9F /* schema.graphqls in Resources */,
				78D41ECA2D3A3D3800D93B9F /* apollo-ios-cli in Resources */,
			);
			runOnlyForDeploymentPostprocessing = 0;
		};
		78D41EA62D3A3A1100D93B9F /* Resources */ = {
			isa = PBXResourcesBuildPhase;
			buildActionMask = 2147483647;
			files = (
			);
			runOnlyForDeploymentPostprocessing = 0;
		};
		78D41EB02D3A3A1100D93B9F /* Resources */ = {
			isa = PBXResourcesBuildPhase;
			buildActionMask = 2147483647;
			files = (
			);
			runOnlyForDeploymentPostprocessing = 0;
		};
/* End PBXResourcesBuildPhase section */

/* Begin PBXSourcesBuildPhase section */
		78D41E942D3A3A0F00D93B9F /* Sources */ = {
			isa = PBXSourcesBuildPhase;
			buildActionMask = 2147483647;
			files = (
				78D41F062D3A493D00D93B9F /* AuthorizationInterceptor.swift in Sources */,
				78D41EF32D3A430A00D93B9F /* Network.swift in Sources */,
				78D41F082D3A4A7700D93B9F /* NetworkInterceptorProvider.swift in Sources */,
				78D41F042D3A484A00D93B9F /* AuthorizationKeys.swift in Sources */,
			);
			runOnlyForDeploymentPostprocessing = 0;
		};
		78D41EA42D3A3A1100D93B9F /* Sources */ = {
			isa = PBXSourcesBuildPhase;
			buildActionMask = 2147483647;
			files = (
			);
			runOnlyForDeploymentPostprocessing = 0;
		};
		78D41EAE2D3A3A1100D93B9F /* Sources */ = {
			isa = PBXSourcesBuildPhase;
			buildActionMask = 2147483647;
			files = (
			);
			runOnlyForDeploymentPostprocessing = 0;
		};
/* End PBXSourcesBuildPhase section */

/* Begin PBXTargetDependency section */
		78D41EAA2D3A3A1100D93B9F /* PBXTargetDependency */ = {
			isa = PBXTargetDependency;
			target = 78D41E972D3A3A0F00D93B9F /* GraphQLTut */;
			targetProxy = 78D41EA92D3A3A1100D93B9F /* PBXContainerItemProxy */;
		};
		78D41EB42D3A3A1100D93B9F /* PBXTargetDependency */ = {
			isa = PBXTargetDependency;
			target = 78D41E972D3A3A0F00D93B9F /* GraphQLTut */;
			targetProxy = 78D41EB32D3A3A1100D93B9F /* PBXContainerItemProxy */;
		};
/* End PBXTargetDependency section */

/* Begin XCBuildConfiguration section */
		78D41EBA2D3A3A1100D93B9F /* Debug */ = {
			isa = XCBuildConfiguration;
			buildSettings = {
				ALWAYS_SEARCH_USER_PATHS = NO;
				ASSETCATALOG_COMPILER_GENERATE_SWIFT_ASSET_SYMBOL_EXTENSIONS = YES;
				CLANG_ANALYZER_NONNULL = YES;
				CLANG_ANALYZER_NUMBER_OBJECT_CONVERSION = YES_AGGRESSIVE;
				CLANG_CXX_LANGUAGE_STANDARD = "gnu++20";
				CLANG_ENABLE_MODULES = YES;
				CLANG_ENABLE_OBJC_ARC = YES;
				CLANG_ENABLE_OBJC_WEAK = YES;
				CLANG_WARN_BLOCK_CAPTURE_AUTORELEASING = YES;
				CLANG_WARN_BOOL_CONVERSION = YES;
				CLANG_WARN_COMMA = YES;
				CLANG_WARN_CONSTANT_CONVERSION = YES;
				CLANG_WARN_DEPRECATED_OBJC_IMPLEMENTATIONS = YES;
				CLANG_WARN_DIRECT_OBJC_ISA_USAGE = YES_ERROR;
				CLANG_WARN_DOCUMENTATION_COMMENTS = YES;
				CLANG_WARN_EMPTY_BODY = YES;
				CLANG_WARN_ENUM_CONVERSION = YES;
				CLANG_WARN_INFINITE_RECURSION = YES;
				CLANG_WARN_INT_CONVERSION = YES;
				CLANG_WARN_NON_LITERAL_NULL_CONVERSION = YES;
				CLANG_WARN_OBJC_IMPLICIT_RETAIN_SELF = YES;
				CLANG_WARN_OBJC_LITERAL_CONVERSION = YES;
				CLANG_WARN_OBJC_ROOT_CLASS = YES_ERROR;
				CLANG_WARN_QUOTED_INCLUDE_IN_FRAMEWORK_HEADER = YES;
				CLANG_WARN_RANGE_LOOP_ANALYSIS = YES;
				CLANG_WARN_STRICT_PROTOTYPES = YES;
				CLANG_WARN_SUSPICIOUS_MOVE = YES;
				CLANG_WARN_UNGUARDED_AVAILABILITY = YES_AGGRESSIVE;
				CLANG_WARN_UNREACHABLE_CODE = YES;
				CLANG_WARN__DUPLICATE_METHOD_MATCH = YES;
				COPY_PHASE_STRIP = NO;
				DEBUG_INFORMATION_FORMAT = dwarf;
				ENABLE_STRICT_OBJC_MSGSEND = YES;
				ENABLE_TESTABILITY = YES;
				ENABLE_USER_SCRIPT_SANDBOXING = YES;
				GCC_C_LANGUAGE_STANDARD = gnu17;
				GCC_DYNAMIC_NO_PIC = NO;
				GCC_NO_COMMON_BLOCKS = YES;
				GCC_OPTIMIZATION_LEVEL = 0;
				GCC_PREPROCESSOR_DEFINITIONS = (
					"DEBUG=1",
					"$(inherited)",
				);
				GCC_WARN_64_TO_32_BIT_CONVERSION = YES;
				GCC_WARN_ABOUT_RETURN_TYPE = YES_ERROR;
				GCC_WARN_UNDECLARED_SELECTOR = YES;
				GCC_WARN_UNINITIALIZED_AUTOS = YES_AGGRESSIVE;
				GCC_WARN_UNUSED_FUNCTION = YES;
				GCC_WARN_UNUSED_VARIABLE = YES;
				IPHONEOS_DEPLOYMENT_TARGET = 18.2;
				LOCALIZATION_PREFERS_STRING_CATALOGS = YES;
				MTL_ENABLE_DEBUG_INFO = INCLUDE_SOURCE;
				MTL_FAST_MATH = YES;
				ONLY_ACTIVE_ARCH = YES;
				SDKROOT = iphoneos;
				SWIFT_ACTIVE_COMPILATION_CONDITIONS = "DEBUG $(inherited)";
				SWIFT_OPTIMIZATION_LEVEL = "-Onone";
			};
			name = Debug;
		};
		78D41EBB2D3A3A1100D93B9F /* Release */ = {
			isa = XCBuildConfiguration;
			buildSettings = {
				ALWAYS_SEARCH_USER_PATHS = NO;
				ASSETCATALOG_COMPILER_GENERATE_SWIFT_ASSET_SYMBOL_EXTENSIONS = YES;
				CLANG_ANALYZER_NONNULL = YES;
				CLANG_ANALYZER_NUMBER_OBJECT_CONVERSION = YES_AGGRESSIVE;
				CLANG_CXX_LANGUAGE_STANDARD = "gnu++20";
				CLANG_ENABLE_MODULES = YES;
				CLANG_ENABLE_OBJC_ARC = YES;
				CLANG_ENABLE_OBJC_WEAK = YES;
				CLANG_WARN_BLOCK_CAPTURE_AUTORELEASING = YES;
				CLANG_WARN_BOOL_CONVERSION = YES;
				CLANG_WARN_COMMA = YES;
				CLANG_WARN_CONSTANT_CONVERSION = YES;
				CLANG_WARN_DEPRECATED_OBJC_IMPLEMENTATIONS = YES;
				CLANG_WARN_DIRECT_OBJC_ISA_USAGE = YES_ERROR;
				CLANG_WARN_DOCUMENTATION_COMMENTS = YES;
				CLANG_WARN_EMPTY_BODY = YES;
				CLANG_WARN_ENUM_CONVERSION = YES;
				CLANG_WARN_INFINITE_RECURSION = YES;
				CLANG_WARN_INT_CONVERSION = YES;
				CLANG_WARN_NON_LITERAL_NULL_CONVERSION = YES;
				CLANG_WARN_OBJC_IMPLICIT_RETAIN_SELF = YES;
				CLANG_WARN_OBJC_LITERAL_CONVERSION = YES;
				CLANG_WARN_OBJC_ROOT_CLASS = YES_ERROR;
				CLANG_WARN_QUOTED_INCLUDE_IN_FRAMEWORK_HEADER = YES;
				CLANG_WARN_RANGE_LOOP_ANALYSIS = YES;
				CLANG_WARN_STRICT_PROTOTYPES = YES;
				CLANG_WARN_SUSPICIOUS_MOVE = YES;
				CLANG_WARN_UNGUARDED_AVAILABILITY = YES_AGGRESSIVE;
				CLANG_WARN_UNREACHABLE_CODE = YES;
				CLANG_WARN__DUPLICATE_METHOD_MATCH = YES;
				COPY_PHASE_STRIP = NO;
				DEBUG_INFORMATION_FORMAT = "dwarf-with-dsym";
				ENABLE_NS_ASSERTIONS = NO;
				ENABLE_STRICT_OBJC_MSGSEND = YES;
				ENABLE_USER_SCRIPT_SANDBOXING = YES;
				GCC_C_LANGUAGE_STANDARD = gnu17;
				GCC_NO_COMMON_BLOCKS = YES;
				GCC_WARN_64_TO_32_BIT_CONVERSION = YES;
				GCC_WARN_ABOUT_RETURN_TYPE = YES_ERROR;
				GCC_WARN_UNDECLARED_SELECTOR = YES;
				GCC_WARN_UNINITIALIZED_AUTOS = YES_AGGRESSIVE;
				GCC_WARN_UNUSED_FUNCTION = YES;
				GCC_WARN_UNUSED_VARIABLE = YES;
				IPHONEOS_DEPLOYMENT_TARGET = 18.2;
				LOCALIZATION_PREFERS_STRING_CATALOGS = YES;
				MTL_ENABLE_DEBUG_INFO = NO;
				MTL_FAST_MATH = YES;
				SDKROOT = iphoneos;
				SWIFT_COMPILATION_MODE = wholemodule;
				VALIDATE_PRODUCT = YES;
			};
			name = Release;
		};
		78D41EBD2D3A3A1100D93B9F /* Debug */ = {
			isa = XCBuildConfiguration;
			buildSettings = {
				ASSETCATALOG_COMPILER_APPICON_NAME = AppIcon;
				ASSETCATALOG_COMPILER_GLOBAL_ACCENT_COLOR_NAME = AccentColor;
				CODE_SIGN_STYLE = Automatic;
				CURRENT_PROJECT_VERSION = 1;
				DEVELOPMENT_ASSET_PATHS = "\"GraphQLTut/Preview Content\"";
				ENABLE_PREVIEWS = YES;
				GENERATE_INFOPLIST_FILE = YES;
				INFOPLIST_KEY_UIApplicationSceneManifest_Generation = YES;
				INFOPLIST_KEY_UIApplicationSupportsIndirectInputEvents = YES;
				INFOPLIST_KEY_UILaunchScreen_Generation = YES;
				INFOPLIST_KEY_UISupportedInterfaceOrientations_iPad = "UIInterfaceOrientationPortrait UIInterfaceOrientationPortraitUpsideDown UIInterfaceOrientationLandscapeLeft UIInterfaceOrientationLandscapeRight";
				INFOPLIST_KEY_UISupportedInterfaceOrientations_iPhone = "UIInterfaceOrientationPortrait UIInterfaceOrientationLandscapeLeft UIInterfaceOrientationLandscapeRight";
				LD_RUNPATH_SEARCH_PATHS = (
					"$(inherited)",
					"@executable_path/Frameworks",
				);
				MARKETING_VERSION = 1.0;
				PRODUCT_BUNDLE_IDENTIFIER = mahesh.GraphQLTut;
				PRODUCT_NAME = "$(TARGET_NAME)";
				SWIFT_EMIT_LOC_STRINGS = YES;
				SWIFT_VERSION = 5.0;
				TARGETED_DEVICE_FAMILY = "1,2";
			};
			name = Debug;
		};
		78D41EBE2D3A3A1100D93B9F /* Release */ = {
			isa = XCBuildConfiguration;
			buildSettings = {
				ASSETCATALOG_COMPILER_APPICON_NAME = AppIcon;
				ASSETCATALOG_COMPILER_GLOBAL_ACCENT_COLOR_NAME = AccentColor;
				CODE_SIGN_STYLE = Automatic;
				CURRENT_PROJECT_VERSION = 1;
				DEVELOPMENT_ASSET_PATHS = "\"GraphQLTut/Preview Content\"";
				ENABLE_PREVIEWS = YES;
				GENERATE_INFOPLIST_FILE = YES;
				INFOPLIST_KEY_UIApplicationSceneManifest_Generation = YES;
				INFOPLIST_KEY_UIApplicationSupportsIndirectInputEvents = YES;
				INFOPLIST_KEY_UILaunchScreen_Generation = YES;
				INFOPLIST_KEY_UISupportedInterfaceOrientations_iPad = "UIInterfaceOrientationPortrait UIInterfaceOrientationPortraitUpsideDown UIInterfaceOrientationLandscapeLeft UIInterfaceOrientationLandscapeRight";
				INFOPLIST_KEY_UISupportedInterfaceOrientations_iPhone = "UIInterfaceOrientationPortrait UIInterfaceOrientationLandscapeLeft UIInterfaceOrientationLandscapeRight";
				LD_RUNPATH_SEARCH_PATHS = (
					"$(inherited)",
					"@executable_path/Frameworks",
				);
				MARKETING_VERSION = 1.0;
				PRODUCT_BUNDLE_IDENTIFIER = mahesh.GraphQLTut;
				PRODUCT_NAME = "$(TARGET_NAME)";
				SWIFT_EMIT_LOC_STRINGS = YES;
				SWIFT_VERSION = 5.0;
				TARGETED_DEVICE_FAMILY = "1,2";
			};
			name = Release;
		};
		78D41EC02D3A3A1100D93B9F /* Debug */ = {
			isa = XCBuildConfiguration;
			buildSettings = {
				BUNDLE_LOADER = "$(TEST_HOST)";
				CODE_SIGN_STYLE = Automatic;
				CURRENT_PROJECT_VERSION = 1;
				GENERATE_INFOPLIST_FILE = YES;
				IPHONEOS_DEPLOYMENT_TARGET = 18.2;
				MARKETING_VERSION = 1.0;
				PRODUCT_BUNDLE_IDENTIFIER = mahesh.GraphQLTutTests;
				PRODUCT_NAME = "$(TARGET_NAME)";
				SWIFT_EMIT_LOC_STRINGS = NO;
				SWIFT_VERSION = 5.0;
				TARGETED_DEVICE_FAMILY = "1,2";
				TEST_HOST = "$(BUILT_PRODUCTS_DIR)/GraphQLTut.app/$(BUNDLE_EXECUTABLE_FOLDER_PATH)/GraphQLTut";
			};
			name = Debug;
		};
		78D41EC12D3A3A1100D93B9F /* Release */ = {
			isa = XCBuildConfiguration;
			buildSettings = {
				BUNDLE_LOADER = "$(TEST_HOST)";
				CODE_SIGN_STYLE = Automatic;
				CURRENT_PROJECT_VERSION = 1;
				GENERATE_INFOPLIST_FILE = YES;
				IPHONEOS_DEPLOYMENT_TARGET = 18.2;
				MARKETING_VERSION = 1.0;
				PRODUCT_BUNDLE_IDENTIFIER = mahesh.GraphQLTutTests;
				PRODUCT_NAME = "$(TARGET_NAME)";
				SWIFT_EMIT_LOC_STRINGS = NO;
				SWIFT_VERSION = 5.0;
				TARGETED_DEVICE_FAMILY = "1,2";
				TEST_HOST = "$(BUILT_PRODUCTS_DIR)/GraphQLTut.app/$(BUNDLE_EXECUTABLE_FOLDER_PATH)/GraphQLTut";
			};
			name = Release;
		};
		78D41EC32D3A3A1100D93B9F /* Debug */ = {
			isa = XCBuildConfiguration;
			buildSettings = {
				CODE_SIGN_STYLE = Automatic;
				CURRENT_PROJECT_VERSION = 1;
				GENERATE_INFOPLIST_FILE = YES;
				MARKETING_VERSION = 1.0;
				PRODUCT_BUNDLE_IDENTIFIER = mahesh.GraphQLTutUITests;
				PRODUCT_NAME = "$(TARGET_NAME)";
				SWIFT_EMIT_LOC_STRINGS = NO;
				SWIFT_VERSION = 5.0;
				TARGETED_DEVICE_FAMILY = "1,2";
				TEST_TARGET_NAME = GraphQLTut;
			};
			name = Debug;
		};
		78D41EC42D3A3A1100D93B9F /* Release */ = {
			isa = XCBuildConfiguration;
			buildSettings = {
				CODE_SIGN_STYLE = Automatic;
				CURRENT_PROJECT_VERSION = 1;
				GENERATE_INFOPLIST_FILE = YES;
				MARKETING_VERSION = 1.0;
				PRODUCT_BUNDLE_IDENTIFIER = mahesh.GraphQLTutUITests;
				PRODUCT_NAME = "$(TARGET_NAME)";
				SWIFT_EMIT_LOC_STRINGS = NO;
				SWIFT_VERSION = 5.0;
				TARGETED_DEVICE_FAMILY = "1,2";
				TEST_TARGET_NAME = GraphQLTut;
			};
			name = Release;
		};
/* End XCBuildConfiguration section */

/* Begin XCConfigurationList section */
		78D41E932D3A3A0F00D93B9F /* Build configuration list for PBXProject "GraphQLTut" */ = {
			isa = XCConfigurationList;
			buildConfigurations = (
				78D41EBA2D3A3A1100D93B9F /* Debug */,
				78D41EBB2D3A3A1100D93B9F /* Release */,
			);
			defaultConfigurationIsVisible = 0;
			defaultConfigurationName = Release;
		};
		78D41EBC2D3A3A1100D93B9F /* Build configuration list for PBXNativeTarget "GraphQLTut" */ = {
			isa = XCConfigurationList;
			buildConfigurations = (
				78D41EBD2D3A3A1100D93B9F /* Debug */,
				78D41EBE2D3A3A1100D93B9F /* Release */,
			);
			defaultConfigurationIsVisible = 0;
			defaultConfigurationName = Release;
		};
		78D41EBF2D3A3A1100D93B9F /* Build configuration list for PBXNativeTarget "GraphQLTutTests" */ = {
			isa = XCConfigurationList;
			buildConfigurations = (
				78D41EC02D3A3A1100D93B9F /* Debug */,
				78D41EC12D3A3A1100D93B9F /* Release */,
			);
			defaultConfigurationIsVisible = 0;
			defaultConfigurationName = Release;
		};
		78D41EC22D3A3A1100D93B9F /* Build configuration list for PBXNativeTarget "GraphQLTutUITests" */ = {
			isa = XCConfigurationList;
			buildConfigurations = (
				78D41EC32D3A3A1100D93B9F /* Debug */,
				78D41EC42D3A3A1100D93B9F /* Release */,
			);
			defaultConfigurationIsVisible = 0;
			defaultConfigurationName = Release;
		};
/* End XCConfigurationList section */

/* Begin XCLocalSwiftPackageReference section */
		78D41EFE2D3A467600D93B9F /* XCLocalSwiftPackageReference "GraphQLAPI" */ = {
			isa = XCLocalSwiftPackageReference;
			relativePath = GraphQLAPI;
		};
/* End XCLocalSwiftPackageReference section */

/* Begin XCRemoteSwiftPackageReference section */
		78D41EC52D3A3BCE00D93B9F /* XCRemoteSwiftPackageReference "apollo-ios" */ = {
			isa = XCRemoteSwiftPackageReference;
			repositoryURL = "https://github.com/apollographql/apollo-ios";
			requirement = {
				kind = upToNextMajorVersion;
				minimumVersion = 1.16.0;
			};
		};
/* End XCRemoteSwiftPackageReference section */

/* Begin XCSwiftPackageProductDependency section */
		78D41EC62D3A3BCE00D93B9F /* Apollo */ = {
			isa = XCSwiftPackageProductDependency;
			package = 78D41EC52D3A3BCE00D93B9F /* XCRemoteSwiftPackageReference "apollo-ios" */;
			productName = Apollo;
		};
		78D41EFF2D3A467600D93B9F /* GraphQLAPI */ = {
			isa = XCSwiftPackageProductDependency;
			productName = GraphQLAPI;
		};
/* End XCSwiftPackageProductDependency section */
	};
	rootObject = 78D41E902D3A3A0F00D93B9F /* Project object */;
}
